
Microsoft Visual Studio Solution File, Format Version 12.00
# Visual Studio 2013
VisualStudioVersion = 12.0.30501.0
MinimumVisualStudioVersion = 10.0.40219.1
Project("{FAE04EC0-301F-11D3-BF4B-00C04F79EFBC}") = "DumpIndexProperties", "DumpIndexProperties\DumpIndexProperties.csproj", "{78D24AC0-5B1E-45A6-8FE1-19D05EFC1704}"
EndProject
Global
	GlobalSection(SolutionConfigurationPlatforms) = preSolution
		Debug|Any CPU = Debug|Any CPU
		Release|Any CPU = Release|Any CPU
	EndGlobalSection
	GlobalSection(ProjectConfigurationPlatforms) = postSolution
		{78D24AC0-5B1E-45A6-8FE1-19D05EFC1704}.Debug|Any CPU.ActiveCfg = Debug|Any CPU
		{78D24AC0-5B1E-45A6-8FE1-19D05EFC1704}.Debug|Any CPU.Build.0 = Debug|Any CPU
		{78D24AC0-5B1E-45A6-8FE1-19D05EFC1704}.Release|Any CPU.ActiveCfg = Release|Any CPU
		{78D24AC0-5B1E-45A6-8FE1-19D05EFC1704}.Release|Any CPU.Build.0 = Release|Any CPU
	EndGlobalSection
	GlobalSection(SolutionProperties) = preSolution
		HideSolutionNode = FALSE
	EndGlobalSection
EndGlobal
